// !$*UTF8*$!
{
	archiveVersion = 1;
	classes = {
	};
	objectVersion = 51;
	objects = {

/* Begin PBXBuildFile section */
		08CBCEB9923B378D89FD9C28 /* Pods_DareFitTests.framework in Frameworks */ = {isa = PBXBuildFile; fileRef = 1301DA902780D917EFDD4C57 /* Pods_DareFitTests.framework */; };
		5503CBFC2459616000935DE6 /* AppDelegate.swift in Sources */ = {isa = PBXBuildFile; fileRef = 5503CBFB2459616000935DE6 /* AppDelegate.swift */; };
		5503CBFE2459616000935DE6 /* SceneDelegate.swift in Sources */ = {isa = PBXBuildFile; fileRef = 5503CBFD2459616000935DE6 /* SceneDelegate.swift */; };
		5503CC002459616000935DE6 /* LoginViewController.swift in Sources */ = {isa = PBXBuildFile; fileRef = 5503CBFF2459616000935DE6 /* LoginViewController.swift */; };
		5503CC032459616000935DE6 /* Main.storyboard in Resources */ = {isa = PBXBuildFile; fileRef = 5503CC012459616000935DE6 /* Main.storyboard */; };
		5503CC052459616200935DE6 /* Assets.xcassets in Resources */ = {isa = PBXBuildFile; fileRef = 5503CC042459616200935DE6 /* Assets.xcassets */; };
		5503CC082459616200935DE6 /* LaunchScreen.storyboard in Resources */ = {isa = PBXBuildFile; fileRef = 5503CC062459616200935DE6 /* LaunchScreen.storyboard */; };
		5503CC132459616200935DE6 /* DareFitTests.swift in Sources */ = {isa = PBXBuildFile; fileRef = 5503CC122459616200935DE6 /* DareFitTests.swift */; };
		5503CC1E2459616200935DE6 /* DareFitUITests.swift in Sources */ = {isa = PBXBuildFile; fileRef = 5503CC1D2459616200935DE6 /* DareFitUITests.swift */; };
		550A2C9A2459669F0061416F /* GoogleService-Info.plist in Resources */ = {isa = PBXBuildFile; fileRef = 550A2C992459669F0061416F /* GoogleService-Info.plist */; };
		550A2C9C24596A050061416F /* SignUpViewController.swift in Sources */ = {isa = PBXBuildFile; fileRef = 550A2C9B24596A050061416F /* SignUpViewController.swift */; };
		550A2C9E24596B040061416F /* CreateChallengeViewController.swift in Sources */ = {isa = PBXBuildFile; fileRef = 550A2C9D24596B040061416F /* CreateChallengeViewController.swift */; };
		550A2CA024596B0C0061416F /* JoinChallengeViewController.swift in Sources */ = {isa = PBXBuildFile; fileRef = 550A2C9F24596B0C0061416F /* JoinChallengeViewController.swift */; };
		5513CDFA24597E32006B70BC /* Constants.swift in Sources */ = {isa = PBXBuildFile; fileRef = 5513CDF924597E32006B70BC /* Constants.swift */; };
		5513CDFD245983F1006B70BC /* Authentication.swift in Sources */ = {isa = PBXBuildFile; fileRef = 5513CDFC245983F1006B70BC /* Authentication.swift */; };
		5534874F245A6A2300245E52 /* CreateChallengeDetailsViewController.swift in Sources */ = {isa = PBXBuildFile; fileRef = 5534874E245A6A2300245E52 /* CreateChallengeDetailsViewController.swift */; };
		55348751245A6A3100245E52 /* JoinChallengeDetailsViewController.swift in Sources */ = {isa = PBXBuildFile; fileRef = 55348750245A6A3100245E52 /* JoinChallengeDetailsViewController.swift */; };
		5542A76C245B488600E4E568 /* Challenge.swift in Sources */ = {isa = PBXBuildFile; fileRef = 5542A76B245B488600E4E568 /* Challenge.swift */; };
		5542A76E245BB13C00E4E568 /* RandomDataGenerator.swift in Sources */ = {isa = PBXBuildFile; fileRef = 5542A76D245BB13C00E4E568 /* RandomDataGenerator.swift */; };
		554BF5782459F27600A9FD34 /* Database.swift in Sources */ = {isa = PBXBuildFile; fileRef = 554BF5772459F27600A9FD34 /* Database.swift */; };
		554BF57A2459F48C00A9FD34 /* User.swift in Sources */ = {isa = PBXBuildFile; fileRef = 554BF5792459F48C00A9FD34 /* User.swift */; };
		554BF57C245A034000A9FD34 /* CurrentUser.swift in Sources */ = {isa = PBXBuildFile; fileRef = 554BF57B245A034000A9FD34 /* CurrentUser.swift */; };
		554BF585245A342500A9FD34 /* video.mp4 in Resources */ = {isa = PBXBuildFile; fileRef = 554BF584245A342500A9FD34 /* video.mp4 */; };
		5E97929A8A8584F88435A42D /* Pods_DareFit.framework in Frameworks */ = {isa = PBXBuildFile; fileRef = 456070D8654043FBC44792B8 /* Pods_DareFit.framework */; };
		EB4037E2DE85C86633129E12 /* Pods_DareFit_DareFitUITests.framework in Frameworks */ = {isa = PBXBuildFile; fileRef = B785D7751252A670476A1702 /* Pods_DareFit_DareFitUITests.framework */; };
/* End PBXBuildFile section */

/* Begin PBXContainerItemProxy section */
		5503CC0F2459616200935DE6 /* PBXContainerItemProxy */ = {
			isa = PBXContainerItemProxy;
			containerPortal = 5503CBF02459616000935DE6 /* Project object */;
			proxyType = 1;
			remoteGlobalIDString = 5503CBF72459616000935DE6;
			remoteInfo = DareFit;
		};
		5503CC1A2459616200935DE6 /* PBXContainerItemProxy */ = {
			isa = PBXContainerItemProxy;
			containerPortal = 5503CBF02459616000935DE6 /* Project object */;
			proxyType = 1;
			remoteGlobalIDString = 5503CBF72459616000935DE6;
			remoteInfo = DareFit;
		};
/* End PBXContainerItemProxy section */

/* Begin PBXFileReference section */
		1301DA902780D917EFDD4C57 /* Pods_DareFitTests.framework */ = {isa = PBXFileReference; explicitFileType = wrapper.framework; includeInIndex = 0; path = Pods_DareFitTests.framework; sourceTree = BUILT_PRODUCTS_DIR; };
		456070D8654043FBC44792B8 /* Pods_DareFit.framework */ = {isa = PBXFileReference; explicitFileType = wrapper.framework; includeInIndex = 0; path = Pods_DareFit.framework; sourceTree = BUILT_PRODUCTS_DIR; };
		50AB6770B13D835443CB9E70 /* Pods-DareFit.debug.xcconfig */ = {isa = PBXFileReference; includeInIndex = 1; lastKnownFileType = text.xcconfig; name = "Pods-DareFit.debug.xcconfig"; path = "Target Support Files/Pods-DareFit/Pods-DareFit.debug.xcconfig"; sourceTree = "<group>"; };
		5503CBF82459616000935DE6 /* DareFit.app */ = {isa = PBXFileReference; explicitFileType = wrapper.application; includeInIndex = 0; path = DareFit.app; sourceTree = BUILT_PRODUCTS_DIR; };
		5503CBFB2459616000935DE6 /* AppDelegate.swift */ = {isa = PBXFileReference; lastKnownFileType = sourcecode.swift; path = AppDelegate.swift; sourceTree = "<group>"; };
		5503CBFD2459616000935DE6 /* SceneDelegate.swift */ = {isa = PBXFileReference; lastKnownFileType = sourcecode.swift; path = SceneDelegate.swift; sourceTree = "<group>"; };
		5503CBFF2459616000935DE6 /* LoginViewController.swift */ = {isa = PBXFileReference; lastKnownFileType = sourcecode.swift; path = LoginViewController.swift; sourceTree = "<group>"; };
		5503CC022459616000935DE6 /* Base */ = {isa = PBXFileReference; lastKnownFileType = file.storyboard; name = Base; path = Base.lproj/Main.storyboard; sourceTree = "<group>"; };
		5503CC042459616200935DE6 /* Assets.xcassets */ = {isa = PBXFileReference; lastKnownFileType = folder.assetcatalog; path = Assets.xcassets; sourceTree = "<group>"; };
		5503CC072459616200935DE6 /* Base */ = {isa = PBXFileReference; lastKnownFileType = file.storyboard; name = Base; path = Base.lproj/LaunchScreen.storyboard; sourceTree = "<group>"; };
		5503CC092459616200935DE6 /* Info.plist */ = {isa = PBXFileReference; lastKnownFileType = text.plist.xml; path = Info.plist; sourceTree = "<group>"; };
		5503CC0E2459616200935DE6 /* DareFitTests.xctest */ = {isa = PBXFileReference; explicitFileType = wrapper.cfbundle; includeInIndex = 0; path = DareFitTests.xctest; sourceTree = BUILT_PRODUCTS_DIR; };
		5503CC122459616200935DE6 /* DareFitTests.swift */ = {isa = PBXFileReference; lastKnownFileType = sourcecode.swift; path = DareFitTests.swift; sourceTree = "<group>"; };
		5503CC142459616200935DE6 /* Info.plist */ = {isa = PBXFileReference; lastKnownFileType = text.plist.xml; path = Info.plist; sourceTree = "<group>"; };
		5503CC192459616200935DE6 /* DareFitUITests.xctest */ = {isa = PBXFileReference; explicitFileType = wrapper.cfbundle; includeInIndex = 0; path = DareFitUITests.xctest; sourceTree = BUILT_PRODUCTS_DIR; };
		5503CC1D2459616200935DE6 /* DareFitUITests.swift */ = {isa = PBXFileReference; lastKnownFileType = sourcecode.swift; path = DareFitUITests.swift; sourceTree = "<group>"; };
		5503CC1F2459616200935DE6 /* Info.plist */ = {isa = PBXFileReference; lastKnownFileType = text.plist.xml; path = Info.plist; sourceTree = "<group>"; };
		550A2C992459669F0061416F /* GoogleService-Info.plist */ = {isa = PBXFileReference; fileEncoding = 4; lastKnownFileType = text.plist.xml; path = "GoogleService-Info.plist"; sourceTree = "<group>"; };
		550A2C9B24596A050061416F /* SignUpViewController.swift */ = {isa = PBXFileReference; lastKnownFileType = sourcecode.swift; path = SignUpViewController.swift; sourceTree = "<group>"; };
		550A2C9D24596B040061416F /* CreateChallengeViewController.swift */ = {isa = PBXFileReference; lastKnownFileType = sourcecode.swift; path = CreateChallengeViewController.swift; sourceTree = "<group>"; };
		550A2C9F24596B0C0061416F /* JoinChallengeViewController.swift */ = {isa = PBXFileReference; lastKnownFileType = sourcecode.swift; path = JoinChallengeViewController.swift; sourceTree = "<group>"; };
		5513CDF924597E32006B70BC /* Constants.swift */ = {isa = PBXFileReference; lastKnownFileType = sourcecode.swift; path = Constants.swift; sourceTree = "<group>"; };
		5513CDFC245983F1006B70BC /* Authentication.swift */ = {isa = PBXFileReference; lastKnownFileType = sourcecode.swift; path = Authentication.swift; sourceTree = "<group>"; };
		5534874E245A6A2300245E52 /* CreateChallengeDetailsViewController.swift */ = {isa = PBXFileReference; lastKnownFileType = sourcecode.swift; path = CreateChallengeDetailsViewController.swift; sourceTree = "<group>"; };
		55348750245A6A3100245E52 /* JoinChallengeDetailsViewController.swift */ = {isa = PBXFileReference; lastKnownFileType = sourcecode.swift; path = JoinChallengeDetailsViewController.swift; sourceTree = "<group>"; };
		5542A76B245B488600E4E568 /* Challenge.swift */ = {isa = PBXFileReference; lastKnownFileType = sourcecode.swift; path = Challenge.swift; sourceTree = "<group>"; };
		5542A76D245BB13C00E4E568 /* RandomDataGenerator.swift */ = {isa = PBXFileReference; lastKnownFileType = sourcecode.swift; path = RandomDataGenerator.swift; sourceTree = "<group>"; };
		554BF5772459F27600A9FD34 /* Database.swift */ = {isa = PBXFileReference; lastKnownFileType = sourcecode.swift; path = Database.swift; sourceTree = "<group>"; };
		554BF5792459F48C00A9FD34 /* User.swift */ = {isa = PBXFileReference; lastKnownFileType = sourcecode.swift; path = User.swift; sourceTree = "<group>"; };
		554BF57B245A034000A9FD34 /* CurrentUser.swift */ = {isa = PBXFileReference; lastKnownFileType = sourcecode.swift; path = CurrentUser.swift; sourceTree = "<group>"; };
		554BF584245A342500A9FD34 /* video.mp4 */ = {isa = PBXFileReference; lastKnownFileType = file; path = video.mp4; sourceTree = "<group>"; };
		74AAE211B6F8749D368C59F2 /* Pods-DareFit.release.xcconfig */ = {isa = PBXFileReference; includeInIndex = 1; lastKnownFileType = text.xcconfig; name = "Pods-DareFit.release.xcconfig"; path = "Target Support Files/Pods-DareFit/Pods-DareFit.release.xcconfig"; sourceTree = "<group>"; };
		905B9D3902148B6E3249CCFB /* Pods-DareFit-DareFitUITests.release.xcconfig */ = {isa = PBXFileReference; includeInIndex = 1; lastKnownFileType = text.xcconfig; name = "Pods-DareFit-DareFitUITests.release.xcconfig"; path = "Target Support Files/Pods-DareFit-DareFitUITests/Pods-DareFit-DareFitUITests.release.xcconfig"; sourceTree = "<group>"; };
		98D8AD140CED1B8886D61AA8 /* Pods-DareFitTests.debug.xcconfig */ = {isa = PBXFileReference; includeInIndex = 1; lastKnownFileType = text.xcconfig; name = "Pods-DareFitTests.debug.xcconfig"; path = "Target Support Files/Pods-DareFitTests/Pods-DareFitTests.debug.xcconfig"; sourceTree = "<group>"; };
		A184EDE25CBA09130A7AAB38 /* Pods-DareFit-DareFitUITests.debug.xcconfig */ = {isa = PBXFileReference; includeInIndex = 1; lastKnownFileType = text.xcconfig; name = "Pods-DareFit-DareFitUITests.debug.xcconfig"; path = "Target Support Files/Pods-DareFit-DareFitUITests/Pods-DareFit-DareFitUITests.debug.xcconfig"; sourceTree = "<group>"; };
		B785D7751252A670476A1702 /* Pods_DareFit_DareFitUITests.framework */ = {isa = PBXFileReference; explicitFileType = wrapper.framework; includeInIndex = 0; path = Pods_DareFit_DareFitUITests.framework; sourceTree = BUILT_PRODUCTS_DIR; };
		BF2219FB80413BB295959ED9 /* Pods-DareFitTests.release.xcconfig */ = {isa = PBXFileReference; includeInIndex = 1; lastKnownFileType = text.xcconfig; name = "Pods-DareFitTests.release.xcconfig"; path = "Target Support Files/Pods-DareFitTests/Pods-DareFitTests.release.xcconfig"; sourceTree = "<group>"; };
/* End PBXFileReference section */

/* Begin PBXFrameworksBuildPhase section */
		5503CBF52459616000935DE6 /* Frameworks */ = {
			isa = PBXFrameworksBuildPhase;
			buildActionMask = 2147483647;
			files = (
				5E97929A8A8584F88435A42D /* Pods_DareFit.framework in Frameworks */,
			);
			runOnlyForDeploymentPostprocessing = 0;
		};
		5503CC0B2459616200935DE6 /* Frameworks */ = {
			isa = PBXFrameworksBuildPhase;
			buildActionMask = 2147483647;
			files = (
				08CBCEB9923B378D89FD9C28 /* Pods_DareFitTests.framework in Frameworks */,
			);
			runOnlyForDeploymentPostprocessing = 0;
		};
		5503CC162459616200935DE6 /* Frameworks */ = {
			isa = PBXFrameworksBuildPhase;
			buildActionMask = 2147483647;
			files = (
				EB4037E2DE85C86633129E12 /* Pods_DareFit_DareFitUITests.framework in Frameworks */,
			);
			runOnlyForDeploymentPostprocessing = 0;
		};
/* End PBXFrameworksBuildPhase section */

/* Begin PBXGroup section */
		32C80E6AD5AA3D114FAC2FAE /* Pods */ = {
			isa = PBXGroup;
			children = (
				50AB6770B13D835443CB9E70 /* Pods-DareFit.debug.xcconfig */,
				74AAE211B6F8749D368C59F2 /* Pods-DareFit.release.xcconfig */,
				A184EDE25CBA09130A7AAB38 /* Pods-DareFit-DareFitUITests.debug.xcconfig */,
				905B9D3902148B6E3249CCFB /* Pods-DareFit-DareFitUITests.release.xcconfig */,
				98D8AD140CED1B8886D61AA8 /* Pods-DareFitTests.debug.xcconfig */,
				BF2219FB80413BB295959ED9 /* Pods-DareFitTests.release.xcconfig */,
			);
			path = Pods;
			sourceTree = "<group>";
		};
		5503CBEF2459616000935DE6 = {
			isa = PBXGroup;
			children = (
				5503CBFA2459616000935DE6 /* DareFit */,
				5503CC112459616200935DE6 /* DareFitTests */,
				5503CC1C2459616200935DE6 /* DareFitUITests */,
				5503CBF92459616000935DE6 /* Products */,
				32C80E6AD5AA3D114FAC2FAE /* Pods */,
				62A40E17EDBA5D798F66DB75 /* Frameworks */,
			);
			sourceTree = "<group>";
		};
		5503CBF92459616000935DE6 /* Products */ = {
			isa = PBXGroup;
			children = (
				5503CBF82459616000935DE6 /* DareFit.app */,
				5503CC0E2459616200935DE6 /* DareFitTests.xctest */,
				5503CC192459616200935DE6 /* DareFitUITests.xctest */,
			);
			name = Products;
			sourceTree = "<group>";
		};
		5503CBFA2459616000935DE6 /* DareFit */ = {
			isa = PBXGroup;
			children = (
				554BF580245A25FD00A9FD34 /* Media */,
				550A2C992459669F0061416F /* GoogleService-Info.plist */,
				5503CBFB2459616000935DE6 /* AppDelegate.swift */,
				5503CBFD2459616000935DE6 /* SceneDelegate.swift */,
				5503CC092459616200935DE6 /* Info.plist */,
				5513CDFB24598151006B70BC /* Model */,
				5503CC2B2459618200935DE6 /* Controller */,
				5503CC2D2459619D00935DE6 /* Storyboard */,
				5503CC2C2459619400935DE6 /* Assets */,
			);
			path = DareFit;
			sourceTree = "<group>";
		};
		5503CC112459616200935DE6 /* DareFitTests */ = {
			isa = PBXGroup;
			children = (
				5503CC122459616200935DE6 /* DareFitTests.swift */,
				5503CC142459616200935DE6 /* Info.plist */,
			);
			path = DareFitTests;
			sourceTree = "<group>";
		};
		5503CC1C2459616200935DE6 /* DareFitUITests */ = {
			isa = PBXGroup;
			children = (
				5503CC1D2459616200935DE6 /* DareFitUITests.swift */,
				5503CC1F2459616200935DE6 /* Info.plist */,
			);
			path = DareFitUITests;
			sourceTree = "<group>";
		};
		5503CC2B2459618200935DE6 /* Controller */ = {
			isa = PBXGroup;
			children = (
				5503CBFF2459616000935DE6 /* LoginViewController.swift */,
				550A2C9B24596A050061416F /* SignUpViewController.swift */,
				550A2C9D24596B040061416F /* CreateChallengeViewController.swift */,
				550A2C9F24596B0C0061416F /* JoinChallengeViewController.swift */,
				5534874E245A6A2300245E52 /* CreateChallengeDetailsViewController.swift */,
				55348750245A6A3100245E52 /* JoinChallengeDetailsViewController.swift */,
			);
			path = Controller;
			sourceTree = "<group>";
		};
		5503CC2C2459619400935DE6 /* Assets */ = {
			isa = PBXGroup;
			children = (
				5503CC042459616200935DE6 /* Assets.xcassets */,
				5503CC062459616200935DE6 /* LaunchScreen.storyboard */,
			);
			path = Assets;
			sourceTree = "<group>";
		};
		5503CC2D2459619D00935DE6 /* Storyboard */ = {
			isa = PBXGroup;
			children = (
				5503CC012459616000935DE6 /* Main.storyboard */,
			);
			path = Storyboard;
			sourceTree = "<group>";
		};
		5513CDFB24598151006B70BC /* Model */ = {
			isa = PBXGroup;
			children = (
				554BF57D245A03FC00A9FD34 /* Data */,
				5513CDF924597E32006B70BC /* Constants.swift */,
				5542A76B245B488600E4E568 /* Challenge.swift */,
				5513CDFC245983F1006B70BC /* Authentication.swift */,
				554BF5772459F27600A9FD34 /* Database.swift */,
				554BF5792459F48C00A9FD34 /* User.swift */,
				5542A76D245BB13C00E4E568 /* RandomDataGenerator.swift */,
			);
			path = Model;
			sourceTree = "<group>";
		};
		554BF57D245A03FC00A9FD34 /* Data */ = {
			isa = PBXGroup;
			children = (
				554BF57B245A034000A9FD34 /* CurrentUser.swift */,
			);
			path = Data;
			sourceTree = "<group>";
		};
		554BF580245A25FD00A9FD34 /* Media */ = {
			isa = PBXGroup;
			children = (
				554BF584245A342500A9FD34 /* video.mp4 */,
			);
			path = Media;
			sourceTree = "<group>";
		};
		62A40E17EDBA5D798F66DB75 /* Frameworks */ = {
			isa = PBXGroup;
			children = (
				456070D8654043FBC44792B8 /* Pods_DareFit.framework */,
				B785D7751252A670476A1702 /* Pods_DareFit_DareFitUITests.framework */,
				1301DA902780D917EFDD4C57 /* Pods_DareFitTests.framework */,
			);
			name = Frameworks;
			sourceTree = "<group>";
		};
/* End PBXGroup section */

/* Begin PBXNativeTarget section */
		5503CBF72459616000935DE6 /* DareFit */ = {
			isa = PBXNativeTarget;
			buildConfigurationList = 5503CC222459616200935DE6 /* Build configuration list for PBXNativeTarget "DareFit" */;
			buildPhases = (
				D672AC14741AA99F30785CBE /* [CP] Check Pods Manifest.lock */,
				5503CBF42459616000935DE6 /* Sources */,
				5503CBF52459616000935DE6 /* Frameworks */,
				5503CBF62459616000935DE6 /* Resources */,
				7B71A695D728D605DFF2D4A0 /* [CP] Embed Pods Frameworks */,
			);
			buildRules = (
			);
			dependencies = (
			);
			name = DareFit;
			productName = DareFit;
			productReference = 5503CBF82459616000935DE6 /* DareFit.app */;
			productType = "com.apple.product-type.application";
		};
		5503CC0D2459616200935DE6 /* DareFitTests */ = {
			isa = PBXNativeTarget;
			buildConfigurationList = 5503CC252459616200935DE6 /* Build configuration list for PBXNativeTarget "DareFitTests" */;
			buildPhases = (
				38EECB498470518BF07503C7 /* [CP] Check Pods Manifest.lock */,
				5503CC0A2459616200935DE6 /* Sources */,
				5503CC0B2459616200935DE6 /* Frameworks */,
				5503CC0C2459616200935DE6 /* Resources */,
			);
			buildRules = (
			);
			dependencies = (
				5503CC102459616200935DE6 /* PBXTargetDependency */,
			);
			name = DareFitTests;
			productName = DareFitTests;
			productReference = 5503CC0E2459616200935DE6 /* DareFitTests.xctest */;
			productType = "com.apple.product-type.bundle.unit-test";
		};
		5503CC182459616200935DE6 /* DareFitUITests */ = {
			isa = PBXNativeTarget;
			buildConfigurationList = 5503CC282459616200935DE6 /* Build configuration list for PBXNativeTarget "DareFitUITests" */;
			buildPhases = (
				4022ED4FFA74D95A28CF7121 /* [CP] Check Pods Manifest.lock */,
				5503CC152459616200935DE6 /* Sources */,
				5503CC162459616200935DE6 /* Frameworks */,
				5503CC172459616200935DE6 /* Resources */,
				54E5FF69853C7EAE6169365B /* [CP] Embed Pods Frameworks */,
			);
			buildRules = (
			);
			dependencies = (
				5503CC1B2459616200935DE6 /* PBXTargetDependency */,
			);
			name = DareFitUITests;
			productName = DareFitUITests;
			productReference = 5503CC192459616200935DE6 /* DareFitUITests.xctest */;
			productType = "com.apple.product-type.bundle.ui-testing";
		};
/* End PBXNativeTarget section */

/* Begin PBXProject section */
		5503CBF02459616000935DE6 /* Project object */ = {
			isa = PBXProject;
			attributes = {
				LastSwiftUpdateCheck = 1130;
				LastUpgradeCheck = 1130;
				ORGANIZATIONNAME = "Abdalla Elshikh";
				TargetAttributes = {
					5503CBF72459616000935DE6 = {
						CreatedOnToolsVersion = 11.3.1;
					};
					5503CC0D2459616200935DE6 = {
						CreatedOnToolsVersion = 11.3.1;
						TestTargetID = 5503CBF72459616000935DE6;
					};
					5503CC182459616200935DE6 = {
						CreatedOnToolsVersion = 11.3.1;
						TestTargetID = 5503CBF72459616000935DE6;
					};
				};
			};
			buildConfigurationList = 5503CBF32459616000935DE6 /* Build configuration list for PBXProject "DareFit" */;
			compatibilityVersion = "Xcode 9.3";
			developmentRegion = en;
			hasScannedForEncodings = 0;
			knownRegions = (
				en,
				Base,
			);
			mainGroup = 5503CBEF2459616000935DE6;
			productRefGroup = 5503CBF92459616000935DE6 /* Products */;
			projectDirPath = "";
			projectRoot = "";
			targets = (
				5503CBF72459616000935DE6 /* DareFit */,
				5503CC0D2459616200935DE6 /* DareFitTests */,
				5503CC182459616200935DE6 /* DareFitUITests */,
			);
		};
/* End PBXProject section */

/* Begin PBXResourcesBuildPhase section */
		5503CBF62459616000935DE6 /* Resources */ = {
			isa = PBXResourcesBuildPhase;
			buildActionMask = 2147483647;
			files = (
				5503CC082459616200935DE6 /* LaunchScreen.storyboard in Resources */,
				554BF585245A342500A9FD34 /* video.mp4 in Resources */,
				550A2C9A2459669F0061416F /* GoogleService-Info.plist in Resources */,
				5503CC052459616200935DE6 /* Assets.xcassets in Resources */,
				5503CC032459616000935DE6 /* Main.storyboard in Resources */,
			);
			runOnlyForDeploymentPostprocessing = 0;
		};
		5503CC0C2459616200935DE6 /* Resources */ = {
			isa = PBXResourcesBuildPhase;
			buildActionMask = 2147483647;
			files = (
			);
			runOnlyForDeploymentPostprocessing = 0;
		};
		5503CC172459616200935DE6 /* Resources */ = {
			isa = PBXResourcesBuildPhase;
			buildActionMask = 2147483647;
			files = (
			);
			runOnlyForDeploymentPostprocessing = 0;
		};
/* End PBXResourcesBuildPhase section */

/* Begin PBXShellScriptBuildPhase section */
		38EECB498470518BF07503C7 /* [CP] Check Pods Manifest.lock */ = {
			isa = PBXShellScriptBuildPhase;
			buildActionMask = 2147483647;
			files = (
			);
			inputFileListPaths = (
			);
			inputPaths = (
				"${PODS_PODFILE_DIR_PATH}/Podfile.lock",
				"${PODS_ROOT}/Manifest.lock",
			);
			name = "[CP] Check Pods Manifest.lock";
			outputFileListPaths = (
			);
			outputPaths = (
				"$(DERIVED_FILE_DIR)/Pods-DareFitTests-checkManifestLockResult.txt",
			);
			runOnlyForDeploymentPostprocessing = 0;
			shellPath = /bin/sh;
			shellScript = "diff \"${PODS_PODFILE_DIR_PATH}/Podfile.lock\" \"${PODS_ROOT}/Manifest.lock\" > /dev/null\nif [ $? != 0 ] ; then\n    # print error to STDERR\n    echo \"error: The sandbox is not in sync with the Podfile.lock. Run 'pod install' or update your CocoaPods installation.\" >&2\n    exit 1\nfi\n# This output is used by Xcode 'outputs' to avoid re-running this script phase.\necho \"SUCCESS\" > \"${SCRIPT_OUTPUT_FILE_0}\"\n";
			showEnvVarsInLog = 0;
		};
		4022ED4FFA74D95A28CF7121 /* [CP] Check Pods Manifest.lock */ = {
			isa = PBXShellScriptBuildPhase;
			buildActionMask = 2147483647;
			files = (
			);
			inputFileListPaths = (
			);
			inputPaths = (
				"${PODS_PODFILE_DIR_PATH}/Podfile.lock",
				"${PODS_ROOT}/Manifest.lock",
			);
			name = "[CP] Check Pods Manifest.lock";
			outputFileListPaths = (
			);
			outputPaths = (
				"$(DERIVED_FILE_DIR)/Pods-DareFit-DareFitUITests-checkManifestLockResult.txt",
			);
			runOnlyForDeploymentPostprocessing = 0;
			shellPath = /bin/sh;
			shellScript = "diff \"${PODS_PODFILE_DIR_PATH}/Podfile.lock\" \"${PODS_ROOT}/Manifest.lock\" > /dev/null\nif [ $? != 0 ] ; then\n    # print error to STDERR\n    echo \"error: The sandbox is not in sync with the Podfile.lock. Run 'pod install' or update your CocoaPods installation.\" >&2\n    exit 1\nfi\n# This output is used by Xcode 'outputs' to avoid re-running this script phase.\necho \"SUCCESS\" > \"${SCRIPT_OUTPUT_FILE_0}\"\n";
			showEnvVarsInLog = 0;
		};
		54E5FF69853C7EAE6169365B /* [CP] Embed Pods Frameworks */ = {
			isa = PBXShellScriptBuildPhase;
			buildActionMask = 2147483647;
			files = (
			);
			inputFileListPaths = (
				"${PODS_ROOT}/Target Support Files/Pods-DareFit-DareFitUITests/Pods-DareFit-DareFitUITests-frameworks-${CONFIGURATION}-input-files.xcfilelist",
			);
			name = "[CP] Embed Pods Frameworks";
			outputFileListPaths = (
				"${PODS_ROOT}/Target Support Files/Pods-DareFit-DareFitUITests/Pods-DareFit-DareFitUITests-frameworks-${CONFIGURATION}-output-files.xcfilelist",
			);
			runOnlyForDeploymentPostprocessing = 0;
			shellPath = /bin/sh;
			shellScript = "\"${PODS_ROOT}/Target Support Files/Pods-DareFit-DareFitUITests/Pods-DareFit-DareFitUITests-frameworks.sh\"\n";
			showEnvVarsInLog = 0;
		};
		7B71A695D728D605DFF2D4A0 /* [CP] Embed Pods Frameworks */ = {
			isa = PBXShellScriptBuildPhase;
			buildActionMask = 2147483647;
			files = (
			);
			inputFileListPaths = (
				"${PODS_ROOT}/Target Support Files/Pods-DareFit/Pods-DareFit-frameworks-${CONFIGURATION}-input-files.xcfilelist",
			);
			name = "[CP] Embed Pods Frameworks";
			outputFileListPaths = (
				"${PODS_ROOT}/Target Support Files/Pods-DareFit/Pods-DareFit-frameworks-${CONFIGURATION}-output-files.xcfilelist",
			);
			runOnlyForDeploymentPostprocessing = 0;
			shellPath = /bin/sh;
			shellScript = "\"${PODS_ROOT}/Target Support Files/Pods-DareFit/Pods-DareFit-frameworks.sh\"\n";
			showEnvVarsInLog = 0;
		};
		D672AC14741AA99F30785CBE /* [CP] Check Pods Manifest.lock */ = {
			isa = PBXShellScriptBuildPhase;
			buildActionMask = 2147483647;
			files = (
			);
			inputFileListPaths = (
			);
			inputPaths = (
				"${PODS_PODFILE_DIR_PATH}/Podfile.lock",
				"${PODS_ROOT}/Manifest.lock",
			);
			name = "[CP] Check Pods Manifest.lock";
			outputFileListPaths = (
			);
			outputPaths = (
				"$(DERIVED_FILE_DIR)/Pods-DareFit-checkManifestLockResult.txt",
			);
			runOnlyForDeploymentPostprocessing = 0;
			shellPath = /bin/sh;
			shellScript = "diff \"${PODS_PODFILE_DIR_PATH}/Podfile.lock\" \"${PODS_ROOT}/Manifest.lock\" > /dev/null\nif [ $? != 0 ] ; then\n    # print error to STDERR\n    echo \"error: The sandbox is not in sync with the Podfile.lock. Run 'pod install' or update your CocoaPods installation.\" >&2\n    exit 1\nfi\n# This output is used by Xcode 'outputs' to avoid re-running this script phase.\necho \"SUCCESS\" > \"${SCRIPT_OUTPUT_FILE_0}\"\n";
			showEnvVarsInLog = 0;
		};
/* End PBXShellScriptBuildPhase section */

/* Begin PBXSourcesBuildPhase section */
		5503CBF42459616000935DE6 /* Sources */ = {
			isa = PBXSourcesBuildPhase;
			buildActionMask = 2147483647;
			files = (
				550A2C9E24596B040061416F /* CreateChallengeViewController.swift in Sources */,
				5513CDFA24597E32006B70BC /* Constants.swift in Sources */,
				554BF57C245A034000A9FD34 /* CurrentUser.swift in Sources */,
				5503CC002459616000935DE6 /* LoginViewController.swift in Sources */,
				5503CBFC2459616000935DE6 /* AppDelegate.swift in Sources */,
				5534874F245A6A2300245E52 /* CreateChallengeDetailsViewController.swift in Sources */,
				550A2C9C24596A050061416F /* SignUpViewController.swift in Sources */,
				5542A76C245B488600E4E568 /* Challenge.swift in Sources */,
				5542A76E245BB13C00E4E568 /* RandomDataGenerator.swift in Sources */,
				550A2CA024596B0C0061416F /* JoinChallengeViewController.swift in Sources */,
				5503CBFE2459616000935DE6 /* SceneDelegate.swift in Sources */,
				55348751245A6A3100245E52 /* JoinChallengeDetailsViewController.swift in Sources */,
				5513CDFD245983F1006B70BC /* Authentication.swift in Sources */,
				554BF57A2459F48C00A9FD34 /* User.swift in Sources */,
				554BF5782459F27600A9FD34 /* Database.swift in Sources */,
			);
			runOnlyForDeploymentPostprocessing = 0;
		};
		5503CC0A2459616200935DE6 /* Sources */ = {
			isa = PBXSourcesBuildPhase;
			buildActionMask = 2147483647;
			files = (
				5503CC132459616200935DE6 /* DareFitTests.swift in Sources */,
			);
			runOnlyForDeploymentPostprocessing = 0;
		};
		5503CC152459616200935DE6 /* Sources */ = {
			isa = PBXSourcesBuildPhase;
			buildActionMask = 2147483647;
			files = (
				5503CC1E2459616200935DE6 /* DareFitUITests.swift in Sources */,
			);
			runOnlyForDeploymentPostprocessing = 0;
		};
/* End PBXSourcesBuildPhase section */

/* Begin PBXTargetDependency section */
		5503CC102459616200935DE6 /* PBXTargetDependency */ = {
			isa = PBXTargetDependency;
			target = 5503CBF72459616000935DE6 /* DareFit */;
			targetProxy = 5503CC0F2459616200935DE6 /* PBXContainerItemProxy */;
		};
		5503CC1B2459616200935DE6 /* PBXTargetDependency */ = {
			isa = PBXTargetDependency;
			target = 5503CBF72459616000935DE6 /* DareFit */;
			targetProxy = 5503CC1A2459616200935DE6 /* PBXContainerItemProxy */;
		};
/* End PBXTargetDependency section */

/* Begin PBXVariantGroup section */
		5503CC012459616000935DE6 /* Main.storyboard */ = {
			isa = PBXVariantGroup;
			children = (
				5503CC022459616000935DE6 /* Base */,
			);
			name = Main.storyboard;
			sourceTree = "<group>";
		};
		5503CC062459616200935DE6 /* LaunchScreen.storyboard */ = {
			isa = PBXVariantGroup;
			children = (
				5503CC072459616200935DE6 /* Base */,
			);
			name = LaunchScreen.storyboard;
			sourceTree = "<group>";
		};
/* End PBXVariantGroup section */

/* Begin XCBuildConfiguration section */
		5503CC202459616200935DE6 /* Debug */ = {
			isa = XCBuildConfiguration;
			buildSettings = {
				ALWAYS_SEARCH_USER_PATHS = NO;
				CLANG_ANALYZER_NONNULL = YES;
				CLANG_ANALYZER_NUMBER_OBJECT_CONVERSION = YES_AGGRESSIVE;
				CLANG_CXX_LANGUAGE_STANDARD = "gnu++14";
				CLANG_CXX_LIBRARY = "libc++";
				CLANG_ENABLE_MODULES = YES;
				CLANG_ENABLE_OBJC_ARC = YES;
				CLANG_ENABLE_OBJC_WEAK = YES;
				CLANG_WARN_BLOCK_CAPTURE_AUTORELEASING = YES;
				CLANG_WARN_BOOL_CONVERSION = YES;
				CLANG_WARN_COMMA = YES;
				CLANG_WARN_CONSTANT_CONVERSION = YES;
				CLANG_WARN_DEPRECATED_OBJC_IMPLEMENTATIONS = YES;
				CLANG_WARN_DIRECT_OBJC_ISA_USAGE = YES_ERROR;
				CLANG_WARN_DOCUMENTATION_COMMENTS = YES;
				CLANG_WARN_EMPTY_BODY = YES;
				CLANG_WARN_ENUM_CONVERSION = YES;
				CLANG_WARN_INFINITE_RECURSION = YES;
				CLANG_WARN_INT_CONVERSION = YES;
				CLANG_WARN_NON_LITERAL_NULL_CONVERSION = YES;
				CLANG_WARN_OBJC_IMPLICIT_RETAIN_SELF = YES;
				CLANG_WARN_OBJC_LITERAL_CONVERSION = YES;
				CLANG_WARN_OBJC_ROOT_CLASS = YES_ERROR;
				CLANG_WARN_RANGE_LOOP_ANALYSIS = YES;
				CLANG_WARN_STRICT_PROTOTYPES = YES;
				CLANG_WARN_SUSPICIOUS_MOVE = YES;
				CLANG_WARN_UNGUARDED_AVAILABILITY = YES_AGGRESSIVE;
				CLANG_WARN_UNREACHABLE_CODE = YES;
				CLANG_WARN__DUPLICATE_METHOD_MATCH = YES;
				COPY_PHASE_STRIP = NO;
				DEBUG_INFORMATION_FORMAT = dwarf;
				ENABLE_STRICT_OBJC_MSGSEND = YES;
				ENABLE_TESTABILITY = YES;
				GCC_C_LANGUAGE_STANDARD = gnu11;
				GCC_DYNAMIC_NO_PIC = NO;
				GCC_NO_COMMON_BLOCKS = YES;
				GCC_OPTIMIZATION_LEVEL = 0;
				GCC_PREPROCESSOR_DEFINITIONS = (
					"DEBUG=1",
					"$(inherited)",
				);
				GCC_WARN_64_TO_32_BIT_CONVERSION = YES;
				GCC_WARN_ABOUT_RETURN_TYPE = YES_ERROR;
				GCC_WARN_UNDECLARED_SELECTOR = YES;
				GCC_WARN_UNINITIALIZED_AUTOS = YES_AGGRESSIVE;
				GCC_WARN_UNUSED_FUNCTION = YES;
				GCC_WARN_UNUSED_VARIABLE = YES;
				IPHONEOS_DEPLOYMENT_TARGET = 13.2;
				MTL_ENABLE_DEBUG_INFO = INCLUDE_SOURCE;
				MTL_FAST_MATH = YES;
				ONLY_ACTIVE_ARCH = YES;
				SDKROOT = iphoneos;
				SWIFT_ACTIVE_COMPILATION_CONDITIONS = DEBUG;
				SWIFT_OPTIMIZATION_LEVEL = "-Onone";
			};
			name = Debug;
		};
		5503CC212459616200935DE6 /* Release */ = {
			isa = XCBuildConfiguration;
			buildSettings = {
				ALWAYS_SEARCH_USER_PATHS = NO;
				CLANG_ANALYZER_NONNULL = YES;
				CLANG_ANALYZER_NUMBER_OBJECT_CONVERSION = YES_AGGRESSIVE;
				CLANG_CXX_LANGUAGE_STANDARD = "gnu++14";
				CLANG_CXX_LIBRARY = "libc++";
				CLANG_ENABLE_MODULES = YES;
				CLANG_ENABLE_OBJC_ARC = YES;
				CLANG_ENABLE_OBJC_WEAK = YES;
				CLANG_WARN_BLOCK_CAPTURE_AUTORELEASING = YES;
				CLANG_WARN_BOOL_CONVERSION = YES;
				CLANG_WARN_COMMA = YES;
				CLANG_WARN_CONSTANT_CONVERSION = YES;
				CLANG_WARN_DEPRECATED_OBJC_IMPLEMENTATIONS = YES;
				CLANG_WARN_DIRECT_OBJC_ISA_USAGE = YES_ERROR;
				CLANG_WARN_DOCUMENTATION_COMMENTS = YES;
				CLANG_WARN_EMPTY_BODY = YES;
				CLANG_WARN_ENUM_CONVERSION = YES;
				CLANG_WARN_INFINITE_RECURSION = YES;
				CLANG_WARN_INT_CONVERSION = YES;
				CLANG_WARN_NON_LITERAL_NULL_CONVERSION = YES;
				CLANG_WARN_OBJC_IMPLICIT_RETAIN_SELF = YES;
				CLANG_WARN_OBJC_LITERAL_CONVERSION = YES;
				CLANG_WARN_OBJC_ROOT_CLASS = YES_ERROR;
				CLANG_WARN_RANGE_LOOP_ANALYSIS = YES;
				CLANG_WARN_STRICT_PROTOTYPES = YES;
				CLANG_WARN_SUSPICIOUS_MOVE = YES;
				CLANG_WARN_UNGUARDED_AVAILABILITY = YES_AGGRESSIVE;
				CLANG_WARN_UNREACHABLE_CODE = YES;
				CLANG_WARN__DUPLICATE_METHOD_MATCH = YES;
				COPY_PHASE_STRIP = NO;
				DEBUG_INFORMATION_FORMAT = "dwarf-with-dsym";
				ENABLE_NS_ASSERTIONS = NO;
				ENABLE_STRICT_OBJC_MSGSEND = YES;
				GCC_C_LANGUAGE_STANDARD = gnu11;
				GCC_NO_COMMON_BLOCKS = YES;
				GCC_WARN_64_TO_32_BIT_CONVERSION = YES;
				GCC_WARN_ABOUT_RETURN_TYPE = YES_ERROR;
				GCC_WARN_UNDECLARED_SELECTOR = YES;
				GCC_WARN_UNINITIALIZED_AUTOS = YES_AGGRESSIVE;
				GCC_WARN_UNUSED_FUNCTION = YES;
				GCC_WARN_UNUSED_VARIABLE = YES;
				IPHONEOS_DEPLOYMENT_TARGET = 13.2;
				MTL_ENABLE_DEBUG_INFO = NO;
				MTL_FAST_MATH = YES;
				SDKROOT = iphoneos;
				SWIFT_COMPILATION_MODE = wholemodule;
				SWIFT_OPTIMIZATION_LEVEL = "-O";
				VALIDATE_PRODUCT = YES;
			};
			name = Release;
		};
		5503CC232459616200935DE6 /* Debug */ = {
			isa = XCBuildConfiguration;
			baseConfigurationReference = 50AB6770B13D835443CB9E70 /* Pods-DareFit.debug.xcconfig */;
			buildSettings = {
				ASSETCATALOG_COMPILER_APPICON_NAME = AppIcon;
				CODE_SIGN_STYLE = Automatic;
				DEVELOPMENT_TEAM = 2S25RMM2MZ;
				INFOPLIST_FILE = DareFit/Info.plist;
				LD_RUNPATH_SEARCH_PATHS = (
					"$(inherited)",
					"@executable_path/Frameworks",
				);
				PRODUCT_BUNDLE_IDENTIFIER = com.abdallaelshikh.DareFit;
				PRODUCT_NAME = "$(TARGET_NAME)";
				SWIFT_VERSION = 5.0;
				TARGETED_DEVICE_FAMILY = "1,2";
			};
			name = Debug;
		};
		5503CC242459616200935DE6 /* Release */ = {
			isa = XCBuildConfiguration;
			baseConfigurationReference = 74AAE211B6F8749D368C59F2 /* Pods-DareFit.release.xcconfig */;
			buildSettings = {
				ASSETCATALOG_COMPILER_APPICON_NAME = AppIcon;
				CODE_SIGN_STYLE = Automatic;
				DEVELOPMENT_TEAM = 2S25RMM2MZ;
				INFOPLIST_FILE = DareFit/Info.plist;
				LD_RUNPATH_SEARCH_PATHS = (
					"$(inherited)",
					"@executable_path/Frameworks",
				);
				PRODUCT_BUNDLE_IDENTIFIER = com.abdallaelshikh.DareFit;
				PRODUCT_NAME = "$(TARGET_NAME)";
				SWIFT_VERSION = 5.0;
				TARGETED_DEVICE_FAMILY = "1,2";
			};
			name = Release;
		};
		5503CC262459616200935DE6 /* Debug */ = {
			isa = XCBuildConfiguration;
			baseConfigurationReference = 98D8AD140CED1B8886D61AA8 /* Pods-DareFitTests.debug.xcconfig */;
			buildSettings = {
				ALWAYS_EMBED_SWIFT_STANDARD_LIBRARIES = YES;
				BUNDLE_LOADER = "$(TEST_HOST)";
				CODE_SIGN_STYLE = Automatic;
				DEVELOPMENT_TEAM = 2S25RMM2MZ;
				INFOPLIST_FILE = DareFitTests/Info.plist;
				IPHONEOS_DEPLOYMENT_TARGET = 13.2;
				LD_RUNPATH_SEARCH_PATHS = (
					"$(inherited)",
					"@executable_path/Frameworks",
					"@loader_path/Frameworks",
				);
				PRODUCT_BUNDLE_IDENTIFIER = com.abdallaelshikh.DareFitTests;
				PRODUCT_NAME = "$(TARGET_NAME)";
				SWIFT_VERSION = 5.0;
				TARGETED_DEVICE_FAMILY = "1,2";
				TEST_HOST = "$(BUILT_PRODUCTS_DIR)/DareFit.app/DareFit";
			};
			name = Debug;
		};
		5503CC272459616200935DE6 /* Release */ = {
			isa = XCBuildConfiguration;
			baseConfigurationReference = BF2219FB80413BB295959ED9 /* Pods-DareFitTests.release.xcconfig */;
			buildSettings = {
				ALWAYS_EMBED_SWIFT_STANDARD_LIBRARIES = YES;
				BUNDLE_LOADER = "$(TEST_HOST)";
				CODE_SIGN_STYLE = Automatic;
				DEVELOPMENT_TEAM = 2S25RMM2MZ;
				INFOPLIST_FILE = DareFitTests/Info.plist;
				IPHONEOS_DEPLOYMENT_TARGET = 13.2;
				LD_RUNPATH_SEARCH_PATHS = (
					"$(inherited)",
					"@executable_path/Frameworks",
					"@loader_path/Frameworks",
				);
				PRODUCT_BUNDLE_IDENTIFIER = com.abdallaelshikh.DareFitTests;
				PRODUCT_NAME = "$(TARGET_NAME)";
				SWIFT_VERSION = 5.0;
				TARGETED_DEVICE_FAMILY = "1,2";
				TEST_HOST = "$(BUILT_PRODUCTS_DIR)/DareFit.app/DareFit";
			};
			name = Release;
		};
		5503CC292459616200935DE6 /* Debug */ = {
			isa = XCBuildConfiguration;
			baseConfigurationReference = A184EDE25CBA09130A7AAB38 /* Pods-DareFit-DareFitUITests.debug.xcconfig */;
			buildSettings = {
				ALWAYS_EMBED_SWIFT_STANDARD_LIBRARIES = YES;
				CODE_SIGN_STYLE = Automatic;
				DEVELOPMENT_TEAM = 2S25RMM2MZ;
				INFOPLIST_FILE = DareFitUITests/Info.plist;
				LD_RUNPATH_SEARCH_PATHS = (
					"$(inherited)",
					"@executable_path/Frameworks",
					"@loader_path/Frameworks",
				);
				PRODUCT_BUNDLE_IDENTIFIER = com.abdallaelshikh.DareFitUITests;
				PRODUCT_NAME = "$(TARGET_NAME)";
				SWIFT_VERSION = 5.0;
				TARGETED_DEVICE_FAMILY = "1,2";
				TEST_TARGET_NAME = DareFit;
			};
			name = Debug;
		};
		5503CC2A2459616200935DE6 /* Release */ = {
			isa = XCBuildConfiguration;
			baseConfigurationReference = 905B9D3902148B6E3249CCFB /* Pods-DareFit-DareFitUITests.release.xcconfig */;
			buildSettings = {
				ALWAYS_EMBED_SWIFT_STANDARD_LIBRARIES = YES;
				CODE_SIGN_STYLE = Automatic;
				DEVELOPMENT_TEAM = 2S25RMM2MZ;
				INFOPLIST_FILE = DareFitUITests/Info.plist;
				LD_RUNPATH_SEARCH_PATHS = (
					"$(inherited)",
					"@executable_path/Frameworks",
					"@loader_path/Frameworks",
				);
				PRODUCT_BUNDLE_IDENTIFIER = com.abdallaelshikh.DareFitUITests;
				PRODUCT_NAME = "$(TARGET_NAME)";
				SWIFT_VERSION = 5.0;
				TARGETED_DEVICE_FAMILY = "1,2";
				TEST_TARGET_NAME = DareFit;
			};
			name = Release;
		};
/* End XCBuildConfiguration section */

/* Begin XCConfigurationList section */
		5503CBF32459616000935DE6 /* Build configuration list for PBXProject "DareFit" */ = {
			isa = XCConfigurationList;
			buildConfigurations = (
				5503CC202459616200935DE6 /* Debug */,
				5503CC212459616200935DE6 /* Release */,
			);
			defaultConfigurationIsVisible = 0;
			defaultConfigurationName = Release;
		};
		5503CC222459616200935DE6 /* Build configuration list for PBXNativeTarget "DareFit" */ = {
			isa = XCConfigurationList;
			buildConfigurations = (
				5503CC232459616200935DE6 /* Debug */,
				5503CC242459616200935DE6 /* Release */,
			);
			defaultConfigurationIsVisible = 0;
			defaultConfigurationName = Release;
		};
		5503CC252459616200935DE6 /* Build configuration list for PBXNativeTarget "DareFitTests" */ = {
			isa = XCConfigurationList;
			buildConfigurations = (
				5503CC262459616200935DE6 /* Debug */,
				5503CC272459616200935DE6 /* Release */,
			);
			defaultConfigurationIsVisible = 0;
			defaultConfigurationName = Release;
		};
		5503CC282459616200935DE6 /* Build configuration list for PBXNativeTarget "DareFitUITests" */ = {
			isa = XCConfigurationList;
			buildConfigurations = (
				5503CC292459616200935DE6 /* Debug */,
				5503CC2A2459616200935DE6 /* Release */,
			);
			defaultConfigurationIsVisible = 0;
			defaultConfigurationName = Release;
		};
/* End XCConfigurationList section */
	};
	rootObject = 5503CBF02459616000935DE6 /* Project object */;
}
